// !$*UTF8*$!
{
	archiveVersion = 1;
	classes = {
	};
	objectVersion = 56;
	objects = {

/* Begin PBXBuildFile section */
		781A8F902AD4263900F87103 /* PaizaApp.swift in Sources */ = {isa = PBXBuildFile; fileRef = 781A8F8F2AD4263900F87103 /* PaizaApp.swift */; };
		781A8F922AD4263900F87103 /* ContentView.swift in Sources */ = {isa = PBXBuildFile; fileRef = 781A8F912AD4263900F87103 /* ContentView.swift */; };
		781A8F942AD4263A00F87103 /* Assets.xcassets in Resources */ = {isa = PBXBuildFile; fileRef = 781A8F932AD4263A00F87103 /* Assets.xcassets */; };
		781A8F972AD4263A00F87103 /* Preview Assets.xcassets in Resources */ = {isa = PBXBuildFile; fileRef = 781A8F962AD4263A00F87103 /* Preview Assets.xcassets */; };
		781A8FA12AD4263B00F87103 /* PaizaAppTests.swift in Sources */ = {isa = PBXBuildFile; fileRef = 781A8FA02AD4263B00F87103 /* PaizaAppTests.swift */; };
		781A8FAB2AD4263B00F87103 /* PaizaAppUITests.swift in Sources */ = {isa = PBXBuildFile; fileRef = 781A8FAA2AD4263B00F87103 /* PaizaAppUITests.swift */; };
		781A8FAD2AD4263B00F87103 /* PaizaAppUITestsLaunchTests.swift in Sources */ = {isa = PBXBuildFile; fileRef = 781A8FAC2AD4263B00F87103 /* PaizaAppUITestsLaunchTests.swift */; };
		78704FD82AD42A070013185D /* Paiza1 in Resources */ = {isa = PBXBuildFile; fileRef = 78704FD72AD42A070013185D /* Paiza1 */; };
		78704FDA2AD42A420013185D /* Paiza2 in Resources */ = {isa = PBXBuildFile; fileRef = 78704FD92AD42A420013185D /* Paiza2 */; };
		78704FDE2AD42AC00013185D /* Paiza3 in Resources */ = {isa = PBXBuildFile; fileRef = 78704FDB2AD42AC00013185D /* Paiza3 */; };
		78704FDF2AD42AC00013185D /* Paiza4 in Resources */ = {isa = PBXBuildFile; fileRef = 78704FDC2AD42AC00013185D /* Paiza4 */; };
		78704FE02AD42AC00013185D /* Paiza5 in Resources */ = {isa = PBXBuildFile; fileRef = 78704FDD2AD42AC00013185D /* Paiza5 */; };
		78897F8B2B11AAF800F9520D /* Paiza21 in Resources */ = {isa = PBXBuildFile; fileRef = 78897F8A2B11AAF800F9520D /* Paiza21 */; };
		78897F8D2B11AF7F00F9520D /* Paiza22 in Resources */ = {isa = PBXBuildFile; fileRef = 78897F8C2B11AF7F00F9520D /* Paiza22 */; };
		78897F8F2B11B37700F9520D /* Paiza23 in Resources */ = {isa = PBXBuildFile; fileRef = 78897F8E2B11B37700F9520D /* Paiza23 */; };
		78BACC0C2AE375E300718CCB /* Paiza6 in Resources */ = {isa = PBXBuildFile; fileRef = 78BACC0B2AE375E300718CCB /* Paiza6 */; };
		78BACC0E2AE38B1900718CCB /* Paiza7 in Resources */ = {isa = PBXBuildFile; fileRef = 78BACC0D2AE38B1900718CCB /* Paiza7 */; };
		78BACC102AE38C7C00718CCB /* Paiza8 in Resources */ = {isa = PBXBuildFile; fileRef = 78BACC0F2AE38C7C00718CCB /* Paiza8 */; };
		78BACC122AE38E5700718CCB /* Paiza9 in Resources */ = {isa = PBXBuildFile; fileRef = 78BACC112AE38E5700718CCB /* Paiza9 */; };
		78BACC142AE3918800718CCB /* Paiza10 in Resources */ = {isa = PBXBuildFile; fileRef = 78BACC132AE3918800718CCB /* Paiza10 */; };
		78D2B5B62AFF15C300B263A1 /* Paiza11 in Resources */ = {isa = PBXBuildFile; fileRef = 78D2B5B52AFF15C300B263A1 /* Paiza11 */; };
		78D2B5BA2AFF179600B263A1 /* Paiza12 in Resources */ = {isa = PBXBuildFile; fileRef = 78D2B5B92AFF179600B263A1 /* Paiza12 */; };
		78D2B5BC2AFF18FB00B263A1 /* Paiza13 in Resources */ = {isa = PBXBuildFile; fileRef = 78D2B5BB2AFF18FB00B263A1 /* Paiza13 */; };
		78D2B5BE2AFF1B2500B263A1 /* Paiza14 in Resources */ = {isa = PBXBuildFile; fileRef = 78D2B5BD2AFF1B2500B263A1 /* Paiza14 */; };
		78D2B5C02AFF1C5200B263A1 /* Paiza15 in Resources */ = {isa = PBXBuildFile; fileRef = 78D2B5BF2AFF1C5200B263A1 /* Paiza15 */; };
		78D2B5C22AFF1DAB00B263A1 /* Paiza16 in Resources */ = {isa = PBXBuildFile; fileRef = 78D2B5C12AFF1DAB00B263A1 /* Paiza16 */; };
		78D2B5C42AFF1FC900B263A1 /* Paiza17 in Resources */ = {isa = PBXBuildFile; fileRef = 78D2B5C32AFF1FC900B263A1 /* Paiza17 */; };
		78D2B5C62AFF20EA00B263A1 /* Paiza18 in Resources */ = {isa = PBXBuildFile; fileRef = 78D2B5C52AFF20EA00B263A1 /* Paiza18 */; };
		78D2B5C82AFF21D100B263A1 /* Paiza19 in Resources */ = {isa = PBXBuildFile; fileRef = 78D2B5C72AFF21D100B263A1 /* Paiza19 */; };
		78D2B5CA2AFF230300B263A1 /* Paiza20 in Resources */ = {isa = PBXBuildFile; fileRef = 78D2B5C92AFF230300B263A1 /* Paiza20 */; };
/* End PBXBuildFile section */

/* Begin PBXContainerItemProxy section */
		781A8F9D2AD4263B00F87103 /* PBXContainerItemProxy */ = {
			isa = PBXContainerItemProxy;
			containerPortal = 781A8F842AD4263900F87103 /* Project object */;
			proxyType = 1;
			remoteGlobalIDString = 781A8F8B2AD4263900F87103;
			remoteInfo = PaizaApp;
		};
		781A8FA72AD4263B00F87103 /* PBXContainerItemProxy */ = {
			isa = PBXContainerItemProxy;
			containerPortal = 781A8F842AD4263900F87103 /* Project object */;
			proxyType = 1;
			remoteGlobalIDString = 781A8F8B2AD4263900F87103;
			remoteInfo = PaizaApp;
		};
/* End PBXContainerItemProxy section */

/* Begin PBXFileReference section */
		781A8F8C2AD4263900F87103 /* PaizaApp.app */ = {isa = PBXFileReference; explicitFileType = wrapper.application; includeInIndex = 0; path = PaizaApp.app; sourceTree = BUILT_PRODUCTS_DIR; };
		781A8F8F2AD4263900F87103 /* PaizaApp.swift */ = {isa = PBXFileReference; lastKnownFileType = sourcecode.swift; path = PaizaApp.swift; sourceTree = "<group>"; };
		781A8F912AD4263900F87103 /* ContentView.swift */ = {isa = PBXFileReference; lastKnownFileType = sourcecode.swift; path = ContentView.swift; sourceTree = "<group>"; };
		781A8F932AD4263A00F87103 /* Assets.xcassets */ = {isa = PBXFileReference; lastKnownFileType = folder.assetcatalog; path = Assets.xcassets; sourceTree = "<group>"; };
		781A8F962AD4263A00F87103 /* Preview Assets.xcassets */ = {isa = PBXFileReference; lastKnownFileType = folder.assetcatalog; path = "Preview Assets.xcassets"; sourceTree = "<group>"; };
		781A8F9C2AD4263B00F87103 /* PaizaAppTests.xctest */ = {isa = PBXFileReference; explicitFileType = wrapper.cfbundle; includeInIndex = 0; path = PaizaAppTests.xctest; sourceTree = BUILT_PRODUCTS_DIR; };
		781A8FA02AD4263B00F87103 /* PaizaAppTests.swift */ = {isa = PBXFileReference; lastKnownFileType = sourcecode.swift; path = PaizaAppTests.swift; sourceTree = "<group>"; };
		781A8FA62AD4263B00F87103 /* PaizaAppUITests.xctest */ = {isa = PBXFileReference; explicitFileType = wrapper.cfbundle; includeInIndex = 0; path = PaizaAppUITests.xctest; sourceTree = BUILT_PRODUCTS_DIR; };
		781A8FAA2AD4263B00F87103 /* PaizaAppUITests.swift */ = {isa = PBXFileReference; lastKnownFileType = sourcecode.swift; path = PaizaAppUITests.swift; sourceTree = "<group>"; };
		781A8FAC2AD4263B00F87103 /* PaizaAppUITestsLaunchTests.swift */ = {isa = PBXFileReference; lastKnownFileType = sourcecode.swift; path = PaizaAppUITestsLaunchTests.swift; sourceTree = "<group>"; };
		78704FD72AD42A070013185D /* Paiza1 */ = {isa = PBXFileReference; lastKnownFileType = wrapper; path = Paiza1; sourceTree = "<group>"; };
		78704FD92AD42A420013185D /* Paiza2 */ = {isa = PBXFileReference; lastKnownFileType = wrapper; path = Paiza2; sourceTree = "<group>"; };
		78704FDB2AD42AC00013185D /* Paiza3 */ = {isa = PBXFileReference; lastKnownFileType = wrapper; path = Paiza3; sourceTree = "<group>"; };
		78704FDC2AD42AC00013185D /* Paiza4 */ = {isa = PBXFileReference; lastKnownFileType = wrapper; path = Paiza4; sourceTree = "<group>"; };
		78704FDD2AD42AC00013185D /* Paiza5 */ = {isa = PBXFileReference; lastKnownFileType = wrapper; path = Paiza5; sourceTree = "<group>"; };
		78897F8A2B11AAF800F9520D /* Paiza21 */ = {isa = PBXFileReference; lastKnownFileType = wrapper; path = Paiza21; sourceTree = "<group>"; };
		78897F8C2B11AF7F00F9520D /* Paiza22 */ = {isa = PBXFileReference; lastKnownFileType = wrapper; path = Paiza22; sourceTree = "<group>"; };
		78897F8E2B11B37700F9520D /* Paiza23 */ = {isa = PBXFileReference; lastKnownFileType = wrapper; path = Paiza23; sourceTree = "<group>"; };
		78BACC0B2AE375E300718CCB /* Paiza6 */ = {isa = PBXFileReference; lastKnownFileType = wrapper; path = Paiza6; sourceTree = "<group>"; };
		78BACC0D2AE38B1900718CCB /* Paiza7 */ = {isa = PBXFileReference; lastKnownFileType = wrapper; path = Paiza7; sourceTree = "<group>"; };
		78BACC0F2AE38C7C00718CCB /* Paiza8 */ = {isa = PBXFileReference; lastKnownFileType = wrapper; path = Paiza8; sourceTree = "<group>"; };
		78BACC112AE38E5700718CCB /* Paiza9 */ = {isa = PBXFileReference; lastKnownFileType = wrapper; path = Paiza9; sourceTree = "<group>"; };
		78BACC132AE3918800718CCB /* Paiza10 */ = {isa = PBXFileReference; lastKnownFileType = wrapper; path = Paiza10; sourceTree = "<group>"; };
		78D2B5B52AFF15C300B263A1 /* Paiza11 */ = {isa = PBXFileReference; lastKnownFileType = wrapper; path = Paiza11; sourceTree = "<group>"; };
		78D2B5B92AFF179600B263A1 /* Paiza12 */ = {isa = PBXFileReference; lastKnownFileType = wrapper; path = Paiza12; sourceTree = "<group>"; };
		78D2B5BB2AFF18FB00B263A1 /* Paiza13 */ = {isa = PBXFileReference; lastKnownFileType = wrapper; path = Paiza13; sourceTree = "<group>"; };
		78D2B5BD2AFF1B2500B263A1 /* Paiza14 */ = {isa = PBXFileReference; lastKnownFileType = wrapper; path = Paiza14; sourceTree = "<group>"; };
		78D2B5BF2AFF1C5200B263A1 /* Paiza15 */ = {isa = PBXFileReference; lastKnownFileType = wrapper; path = Paiza15; sourceTree = "<group>"; };
		78D2B5C12AFF1DAB00B263A1 /* Paiza16 */ = {isa = PBXFileReference; lastKnownFileType = wrapper; path = Paiza16; sourceTree = "<group>"; };
		78D2B5C32AFF1FC900B263A1 /* Paiza17 */ = {isa = PBXFileReference; lastKnownFileType = wrapper; path = Paiza17; sourceTree = "<group>"; };
		78D2B5C52AFF20EA00B263A1 /* Paiza18 */ = {isa = PBXFileReference; lastKnownFileType = wrapper; path = Paiza18; sourceTree = "<group>"; };
		78D2B5C72AFF21D100B263A1 /* Paiza19 */ = {isa = PBXFileReference; lastKnownFileType = wrapper; path = Paiza19; sourceTree = "<group>"; };
		78D2B5C92AFF230300B263A1 /* Paiza20 */ = {isa = PBXFileReference; lastKnownFileType = wrapper; path = Paiza20; sourceTree = "<group>"; };
/* End PBXFileReference section */

/* Begin PBXFrameworksBuildPhase section */
		781A8F892AD4263900F87103 /* Frameworks */ = {
			isa = PBXFrameworksBuildPhase;
			buildActionMask = 2147483647;
			files = (
			);
			runOnlyForDeploymentPostprocessing = 0;
		};
		781A8F992AD4263B00F87103 /* Frameworks */ = {
			isa = PBXFrameworksBuildPhase;
			buildActionMask = 2147483647;
			files = (
			);
			runOnlyForDeploymentPostprocessing = 0;
		};
		781A8FA32AD4263B00F87103 /* Frameworks */ = {
			isa = PBXFrameworksBuildPhase;
			buildActionMask = 2147483647;
			files = (
			);
			runOnlyForDeploymentPostprocessing = 0;
		};
/* End PBXFrameworksBuildPhase section */

/* Begin PBXGroup section */
		781A8F832AD4263900F87103 = {
			isa = PBXGroup;
			children = (
				78704FD62AD428880013185D /* Paiza */,
				781A8F8E2AD4263900F87103 /* PaizaApp */,
				781A8F9F2AD4263B00F87103 /* PaizaAppTests */,
				781A8FA92AD4263B00F87103 /* PaizaAppUITests */,
				781A8F8D2AD4263900F87103 /* Products */,
			);
			sourceTree = "<group>";
		};
		781A8F8D2AD4263900F87103 /* Products */ = {
			isa = PBXGroup;
			children = (
				781A8F8C2AD4263900F87103 /* PaizaApp.app */,
				781A8F9C2AD4263B00F87103 /* PaizaAppTests.xctest */,
				781A8FA62AD4263B00F87103 /* PaizaAppUITests.xctest */,
			);
			name = Products;
			sourceTree = "<group>";
		};
		781A8F8E2AD4263900F87103 /* PaizaApp */ = {
			isa = PBXGroup;
			children = (
				781A8F8F2AD4263900F87103 /* PaizaApp.swift */,
				781A8F912AD4263900F87103 /* ContentView.swift */,
				781A8F932AD4263A00F87103 /* Assets.xcassets */,
				781A8F952AD4263A00F87103 /* Preview Content */,
			);
			path = PaizaApp;
			sourceTree = "<group>";
		};
		781A8F952AD4263A00F87103 /* Preview Content */ = {
			isa = PBXGroup;
			children = (
				781A8F962AD4263A00F87103 /* Preview Assets.xcassets */,
			);
			path = "Preview Content";
			sourceTree = "<group>";
		};
		781A8F9F2AD4263B00F87103 /* PaizaAppTests */ = {
			isa = PBXGroup;
			children = (
				781A8FA02AD4263B00F87103 /* PaizaAppTests.swift */,
			);
			path = PaizaAppTests;
			sourceTree = "<group>";
		};
		781A8FA92AD4263B00F87103 /* PaizaAppUITests */ = {
			isa = PBXGroup;
			children = (
				781A8FAA2AD4263B00F87103 /* PaizaAppUITests.swift */,
				781A8FAC2AD4263B00F87103 /* PaizaAppUITestsLaunchTests.swift */,
			);
			path = PaizaAppUITests;
			sourceTree = "<group>";
		};
		78704FD62AD428880013185D /* Paiza */ = {
			isa = PBXGroup;
			children = (
				78704FD72AD42A070013185D /* Paiza1 */,
				78704FD92AD42A420013185D /* Paiza2 */,
				78704FDB2AD42AC00013185D /* Paiza3 */,
				78704FDC2AD42AC00013185D /* Paiza4 */,
				78704FDD2AD42AC00013185D /* Paiza5 */,
				78BACC0B2AE375E300718CCB /* Paiza6 */,
				78BACC0D2AE38B1900718CCB /* Paiza7 */,
				78BACC0F2AE38C7C00718CCB /* Paiza8 */,
				78BACC112AE38E5700718CCB /* Paiza9 */,
				78BACC132AE3918800718CCB /* Paiza10 */,
				78D2B5B52AFF15C300B263A1 /* Paiza11 */,
				78D2B5B92AFF179600B263A1 /* Paiza12 */,
				78D2B5BB2AFF18FB00B263A1 /* Paiza13 */,
				78D2B5BD2AFF1B2500B263A1 /* Paiza14 */,
				78D2B5BF2AFF1C5200B263A1 /* Paiza15 */,
				78D2B5C12AFF1DAB00B263A1 /* Paiza16 */,
				78D2B5C32AFF1FC900B263A1 /* Paiza17 */,
				78D2B5C52AFF20EA00B263A1 /* Paiza18 */,
				78D2B5C72AFF21D100B263A1 /* Paiza19 */,
				78D2B5C92AFF230300B263A1 /* Paiza20 */,
				78897F8A2B11AAF800F9520D /* Paiza21 */,
				78897F8C2B11AF7F00F9520D /* Paiza22 */,
				78897F8E2B11B37700F9520D /* Paiza23 */,
			);
			path = Paiza;
			sourceTree = "<group>";
		};
/* End PBXGroup section */

/* Begin PBXNativeTarget section */
		781A8F8B2AD4263900F87103 /* PaizaApp */ = {
			isa = PBXNativeTarget;
			buildConfigurationList = 781A8FB02AD4263B00F87103 /* Build configuration list for PBXNativeTarget "PaizaApp" */;
			buildPhases = (
				781A8F882AD4263900F87103 /* Sources */,
				781A8F892AD4263900F87103 /* Frameworks */,
				781A8F8A2AD4263900F87103 /* Resources */,
			);
			buildRules = (
			);
			dependencies = (
			);
			name = PaizaApp;
			productName = PaizaApp;
			productReference = 781A8F8C2AD4263900F87103 /* PaizaApp.app */;
			productType = "com.apple.product-type.application";
		};
		781A8F9B2AD4263B00F87103 /* PaizaAppTests */ = {
			isa = PBXNativeTarget;
			buildConfigurationList = 781A8FB32AD4263B00F87103 /* Build configuration list for PBXNativeTarget "PaizaAppTests" */;
			buildPhases = (
				781A8F982AD4263B00F87103 /* Sources */,
				781A8F992AD4263B00F87103 /* Frameworks */,
				781A8F9A2AD4263B00F87103 /* Resources */,
			);
			buildRules = (
			);
			dependencies = (
				781A8F9E2AD4263B00F87103 /* PBXTargetDependency */,
			);
			name = PaizaAppTests;
			productName = PaizaAppTests;
			productReference = 781A8F9C2AD4263B00F87103 /* PaizaAppTests.xctest */;
			productType = "com.apple.product-type.bundle.unit-test";
		};
		781A8FA52AD4263B00F87103 /* PaizaAppUITests */ = {
			isa = PBXNativeTarget;
			buildConfigurationList = 781A8FB62AD4263B00F87103 /* Build configuration list for PBXNativeTarget "PaizaAppUITests" */;
			buildPhases = (
				781A8FA22AD4263B00F87103 /* Sources */,
				781A8FA32AD4263B00F87103 /* Frameworks */,
				781A8FA42AD4263B00F87103 /* Resources */,
			);
			buildRules = (
			);
			dependencies = (
				781A8FA82AD4263B00F87103 /* PBXTargetDependency */,
			);
			name = PaizaAppUITests;
			productName = PaizaAppUITests;
			productReference = 781A8FA62AD4263B00F87103 /* PaizaAppUITests.xctest */;
			productType = "com.apple.product-type.bundle.ui-testing";
		};
/* End PBXNativeTarget section */

/* Begin PBXProject section */
		781A8F842AD4263900F87103 /* Project object */ = {
			isa = PBXProject;
			attributes = {
				BuildIndependentTargetsInParallel = 1;
				LastSwiftUpdateCheck = 1500;
				LastUpgradeCheck = 1500;
				TargetAttributes = {
					781A8F8B2AD4263900F87103 = {
						CreatedOnToolsVersion = 15.0;
					};
					781A8F9B2AD4263B00F87103 = {
						CreatedOnToolsVersion = 15.0;
						TestTargetID = 781A8F8B2AD4263900F87103;
					};
					781A8FA52AD4263B00F87103 = {
						CreatedOnToolsVersion = 15.0;
						TestTargetID = 781A8F8B2AD4263900F87103;
					};
				};
			};
			buildConfigurationList = 781A8F872AD4263900F87103 /* Build configuration list for PBXProject "PaizaApp" */;
			compatibilityVersion = "Xcode 14.0";
			developmentRegion = en;
			hasScannedForEncodings = 0;
			knownRegions = (
				en,
				Base,
			);
			mainGroup = 781A8F832AD4263900F87103;
			productRefGroup = 781A8F8D2AD4263900F87103 /* Products */;
			projectDirPath = "";
			projectRoot = "";
			targets = (
				781A8F8B2AD4263900F87103 /* PaizaApp */,
				781A8F9B2AD4263B00F87103 /* PaizaAppTests */,
				781A8FA52AD4263B00F87103 /* PaizaAppUITests */,
			);
		};
/* End PBXProject section */

/* Begin PBXResourcesBuildPhase section */
		781A8F8A2AD4263900F87103 /* Resources */ = {
			isa = PBXResourcesBuildPhase;
			buildActionMask = 2147483647;
			files = (
				78897F8D2B11AF7F00F9520D /* Paiza22 in Resources */,
				78704FDE2AD42AC00013185D /* Paiza3 in Resources */,
				78D2B5BE2AFF1B2500B263A1 /* Paiza14 in Resources */,
				78D2B5CA2AFF230300B263A1 /* Paiza20 in Resources */,
				78BACC0C2AE375E300718CCB /* Paiza6 in Resources */,
				78D2B5C82AFF21D100B263A1 /* Paiza19 in Resources */,
				78D2B5C02AFF1C5200B263A1 /* Paiza15 in Resources */,
				78BACC122AE38E5700718CCB /* Paiza9 in Resources */,
				78D2B5BC2AFF18FB00B263A1 /* Paiza13 in Resources */,
				78897F8B2B11AAF800F9520D /* Paiza21 in Resources */,
				78D2B5BA2AFF179600B263A1 /* Paiza12 in Resources */,
				78897F8F2B11B37700F9520D /* Paiza23 in Resources */,
				78BACC0E2AE38B1900718CCB /* Paiza7 in Resources */,
				78D2B5B62AFF15C300B263A1 /* Paiza11 in Resources */,
				781A8F972AD4263A00F87103 /* Preview Assets.xcassets in Resources */,
				78704FDA2AD42A420013185D /* Paiza2 in Resources */,
				78BACC102AE38C7C00718CCB /* Paiza8 in Resources */,
				78704FE02AD42AC00013185D /* Paiza5 in Resources */,
				78D2B5C62AFF20EA00B263A1 /* Paiza18 in Resources */,
				781A8F942AD4263A00F87103 /* Assets.xcassets in Resources */,
				78BACC142AE3918800718CCB /* Paiza10 in Resources */,
				78D2B5C42AFF1FC900B263A1 /* Paiza17 in Resources */,
				78D2B5C22AFF1DAB00B263A1 /* Paiza16 in Resources */,
				78704FD82AD42A070013185D /* Paiza1 in Resources */,
				78704FDF2AD42AC00013185D /* Paiza4 in Resources */,
			);
			runOnlyForDeploymentPostprocessing = 0;
		};
		781A8F9A2AD4263B00F87103 /* Resources */ = {
			isa = PBXResourcesBuildPhase;
			buildActionMask = 2147483647;
			files = (
			);
			runOnlyForDeploymentPostprocessing = 0;
		};
		781A8FA42AD4263B00F87103 /* Resources */ = {
			isa = PBXResourcesBuildPhase;
			buildActionMask = 2147483647;
			files = (
			);
			runOnlyForDeploymentPostprocessing = 0;
		};
/* End PBXResourcesBuildPhase section */

/* Begin PBXSourcesBuildPhase section */
		781A8F882AD4263900F87103 /* Sources */ = {
			isa = PBXSourcesBuildPhase;
			buildActionMask = 2147483647;
			files = (
				781A8F922AD4263900F87103 /* ContentView.swift in Sources */,
				781A8F902AD4263900F87103 /* PaizaApp.swift in Sources */,
			);
			runOnlyForDeploymentPostprocessing = 0;
		};
		781A8F982AD4263B00F87103 /* Sources */ = {
			isa = PBXSourcesBuildPhase;
			buildActionMask = 2147483647;
			files = (
				781A8FA12AD4263B00F87103 /* PaizaAppTests.swift in Sources */,
			);
			runOnlyForDeploymentPostprocessing = 0;
		};
		781A8FA22AD4263B00F87103 /* Sources */ = {
			isa = PBXSourcesBuildPhase;
			buildActionMask = 2147483647;
			files = (
				781A8FAD2AD4263B00F87103 /* PaizaAppUITestsLaunchTests.swift in Sources */,
				781A8FAB2AD4263B00F87103 /* PaizaAppUITests.swift in Sources */,
			);
			runOnlyForDeploymentPostprocessing = 0;
		};
/* End PBXSourcesBuildPhase section */

/* Begin PBXTargetDependency section */
		781A8F9E2AD4263B00F87103 /* PBXTargetDependency */ = {
			isa = PBXTargetDependency;
			target = 781A8F8B2AD4263900F87103 /* PaizaApp */;
			targetProxy = 781A8F9D2AD4263B00F87103 /* PBXContainerItemProxy */;
		};
		781A8FA82AD4263B00F87103 /* PBXTargetDependency */ = {
			isa = PBXTargetDependency;
			target = 781A8F8B2AD4263900F87103 /* PaizaApp */;
			targetProxy = 781A8FA72AD4263B00F87103 /* PBXContainerItemProxy */;
		};
/* End PBXTargetDependency section */

/* Begin XCBuildConfiguration section */
		781A8FAE2AD4263B00F87103 /* Debug */ = {
			isa = XCBuildConfiguration;
			buildSettings = {
				ALWAYS_SEARCH_USER_PATHS = NO;
				ASSETCATALOG_COMPILER_GENERATE_SWIFT_ASSET_SYMBOL_EXTENSIONS = YES;
				CLANG_ANALYZER_NONNULL = YES;
				CLANG_ANALYZER_NUMBER_OBJECT_CONVERSION = YES_AGGRESSIVE;
				CLANG_CXX_LANGUAGE_STANDARD = "gnu++20";
				CLANG_ENABLE_MODULES = YES;
				CLANG_ENABLE_OBJC_ARC = YES;
				CLANG_ENABLE_OBJC_WEAK = YES;
				CLANG_WARN_BLOCK_CAPTURE_AUTORELEASING = YES;
				CLANG_WARN_BOOL_CONVERSION = YES;
				CLANG_WARN_COMMA = YES;
				CLANG_WARN_CONSTANT_CONVERSION = YES;
				CLANG_WARN_DEPRECATED_OBJC_IMPLEMENTATIONS = YES;
				CLANG_WARN_DIRECT_OBJC_ISA_USAGE = YES_ERROR;
				CLANG_WARN_DOCUMENTATION_COMMENTS = YES;
				CLANG_WARN_EMPTY_BODY = YES;
				CLANG_WARN_ENUM_CONVERSION = YES;
				CLANG_WARN_INFINITE_RECURSION = YES;
				CLANG_WARN_INT_CONVERSION = YES;
				CLANG_WARN_NON_LITERAL_NULL_CONVERSION = YES;
				CLANG_WARN_OBJC_IMPLICIT_RETAIN_SELF = YES;
				CLANG_WARN_OBJC_LITERAL_CONVERSION = YES;
				CLANG_WARN_OBJC_ROOT_CLASS = YES_ERROR;
				CLANG_WARN_QUOTED_INCLUDE_IN_FRAMEWORK_HEADER = YES;
				CLANG_WARN_RANGE_LOOP_ANALYSIS = YES;
				CLANG_WARN_STRICT_PROTOTYPES = YES;
				CLANG_WARN_SUSPICIOUS_MOVE = YES;
				CLANG_WARN_UNGUARDED_AVAILABILITY = YES_AGGRESSIVE;
				CLANG_WARN_UNREACHABLE_CODE = YES;
				CLANG_WARN__DUPLICATE_METHOD_MATCH = YES;
				COPY_PHASE_STRIP = NO;
				DEBUG_INFORMATION_FORMAT = dwarf;
				ENABLE_STRICT_OBJC_MSGSEND = YES;
				ENABLE_TESTABILITY = YES;
				ENABLE_USER_SCRIPT_SANDBOXING = YES;
				GCC_C_LANGUAGE_STANDARD = gnu17;
				GCC_DYNAMIC_NO_PIC = NO;
				GCC_NO_COMMON_BLOCKS = YES;
				GCC_OPTIMIZATION_LEVEL = 0;
				GCC_PREPROCESSOR_DEFINITIONS = (
					"DEBUG=1",
					"$(inherited)",
				);
				GCC_WARN_64_TO_32_BIT_CONVERSION = YES;
				GCC_WARN_ABOUT_RETURN_TYPE = YES_ERROR;
				GCC_WARN_UNDECLARED_SELECTOR = YES;
				GCC_WARN_UNINITIALIZED_AUTOS = YES_AGGRESSIVE;
				GCC_WARN_UNUSED_FUNCTION = YES;
				GCC_WARN_UNUSED_VARIABLE = YES;
				IPHONEOS_DEPLOYMENT_TARGET = 17.0;
				LOCALIZATION_PREFERS_STRING_CATALOGS = YES;
				MTL_ENABLE_DEBUG_INFO = INCLUDE_SOURCE;
				MTL_FAST_MATH = YES;
				ONLY_ACTIVE_ARCH = YES;
				SDKROOT = iphoneos;
				SWIFT_ACTIVE_COMPILATION_CONDITIONS = "DEBUG $(inherited)";
				SWIFT_OPTIMIZATION_LEVEL = "-Onone";
			};
			name = Debug;
		};
		781A8FAF2AD4263B00F87103 /* Release */ = {
			isa = XCBuildConfiguration;
			buildSettings = {
				ALWAYS_SEARCH_USER_PATHS = NO;
				ASSETCATALOG_COMPILER_GENERATE_SWIFT_ASSET_SYMBOL_EXTENSIONS = YES;
				CLANG_ANALYZER_NONNULL = YES;
				CLANG_ANALYZER_NUMBER_OBJECT_CONVERSION = YES_AGGRESSIVE;
				CLANG_CXX_LANGUAGE_STANDARD = "gnu++20";
				CLANG_ENABLE_MODULES = YES;
				CLANG_ENABLE_OBJC_ARC = YES;
				CLANG_ENABLE_OBJC_WEAK = YES;
				CLANG_WARN_BLOCK_CAPTURE_AUTORELEASING = YES;
				CLANG_WARN_BOOL_CONVERSION = YES;
				CLANG_WARN_COMMA = YES;
				CLANG_WARN_CONSTANT_CONVERSION = YES;
				CLANG_WARN_DEPRECATED_OBJC_IMPLEMENTATIONS = YES;
				CLANG_WARN_DIRECT_OBJC_ISA_USAGE = YES_ERROR;
				CLANG_WARN_DOCUMENTATION_COMMENTS = YES;
				CLANG_WARN_EMPTY_BODY = YES;
				CLANG_WARN_ENUM_CONVERSION = YES;
				CLANG_WARN_INFINITE_RECURSION = YES;
				CLANG_WARN_INT_CONVERSION = YES;
				CLANG_WARN_NON_LITERAL_NULL_CONVERSION = YES;
				CLANG_WARN_OBJC_IMPLICIT_RETAIN_SELF = YES;
				CLANG_WARN_OBJC_LITERAL_CONVERSION = YES;
				CLANG_WARN_OBJC_ROOT_CLASS = YES_ERROR;
				CLANG_WARN_QUOTED_INCLUDE_IN_FRAMEWORK_HEADER = YES;
				CLANG_WARN_RANGE_LOOP_ANALYSIS = YES;
				CLANG_WARN_STRICT_PROTOTYPES = YES;
				CLANG_WARN_SUSPICIOUS_MOVE = YES;
				CLANG_WARN_UNGUARDED_AVAILABILITY = YES_AGGRESSIVE;
				CLANG_WARN_UNREACHABLE_CODE = YES;
				CLANG_WARN__DUPLICATE_METHOD_MATCH = YES;
				COPY_PHASE_STRIP = NO;
				DEBUG_INFORMATION_FORMAT = "dwarf-with-dsym";
				ENABLE_NS_ASSERTIONS = NO;
				ENABLE_STRICT_OBJC_MSGSEND = YES;
				ENABLE_USER_SCRIPT_SANDBOXING = YES;
				GCC_C_LANGUAGE_STANDARD = gnu17;
				GCC_NO_COMMON_BLOCKS = YES;
				GCC_WARN_64_TO_32_BIT_CONVERSION = YES;
				GCC_WARN_ABOUT_RETURN_TYPE = YES_ERROR;
				GCC_WARN_UNDECLARED_SELECTOR = YES;
				GCC_WARN_UNINITIALIZED_AUTOS = YES_AGGRESSIVE;
				GCC_WARN_UNUSED_FUNCTION = YES;
				GCC_WARN_UNUSED_VARIABLE = YES;
				IPHONEOS_DEPLOYMENT_TARGET = 17.0;
				LOCALIZATION_PREFERS_STRING_CATALOGS = YES;
				MTL_ENABLE_DEBUG_INFO = NO;
				MTL_FAST_MATH = YES;
				SDKROOT = iphoneos;
				SWIFT_COMPILATION_MODE = wholemodule;
				VALIDATE_PRODUCT = YES;
			};
			name = Release;
		};
		781A8FB12AD4263B00F87103 /* Debug */ = {
			isa = XCBuildConfiguration;
			buildSettings = {
				ASSETCATALOG_COMPILER_APPICON_NAME = AppIcon;
				ASSETCATALOG_COMPILER_GLOBAL_ACCENT_COLOR_NAME = AccentColor;
				CODE_SIGN_STYLE = Automatic;
				CURRENT_PROJECT_VERSION = 1;
				DEVELOPMENT_ASSET_PATHS = "\"PaizaApp/Preview Content\"";
				DEVELOPMENT_TEAM = 6WHPY5MQSB;
				ENABLE_PREVIEWS = YES;
				GENERATE_INFOPLIST_FILE = YES;
				INFOPLIST_KEY_UIApplicationSceneManifest_Generation = YES;
				INFOPLIST_KEY_UIApplicationSupportsIndirectInputEvents = YES;
				INFOPLIST_KEY_UILaunchScreen_Generation = YES;
				INFOPLIST_KEY_UISupportedInterfaceOrientations_iPad = "UIInterfaceOrientationPortrait UIInterfaceOrientationPortraitUpsideDown UIInterfaceOrientationLandscapeLeft UIInterfaceOrientationLandscapeRight";
				INFOPLIST_KEY_UISupportedInterfaceOrientations_iPhone = "UIInterfaceOrientationPortrait UIInterfaceOrientationLandscapeLeft UIInterfaceOrientationLandscapeRight";
				LD_RUNPATH_SEARCH_PATHS = (
					"$(inherited)",
					"@executable_path/Frameworks",
				);
				MARKETING_VERSION = 1.0;
				PRODUCT_BUNDLE_IDENTIFIER = "yossibank-yahoo.co.jp.PaizaApp";
				PRODUCT_NAME = "$(TARGET_NAME)";
				SWIFT_EMIT_LOC_STRINGS = YES;
				SWIFT_VERSION = 5.0;
				TARGETED_DEVICE_FAMILY = "1,2";
			};
			name = Debug;
		};
		781A8FB22AD4263B00F87103 /* Release */ = {
			isa = XCBuildConfiguration;
			buildSettings = {
				ASSETCATALOG_COMPILER_APPICON_NAME = AppIcon;
				ASSETCATALOG_COMPILER_GLOBAL_ACCENT_COLOR_NAME = AccentColor;
				CODE_SIGN_STYLE = Automatic;
				CURRENT_PROJECT_VERSION = 1;
				DEVELOPMENT_ASSET_PATHS = "\"PaizaApp/Preview Content\"";
				DEVELOPMENT_TEAM = 6WHPY5MQSB;
				ENABLE_PREVIEWS = YES;
				GENERATE_INFOPLIST_FILE = YES;
				INFOPLIST_KEY_UIApplicationSceneManifest_Generation = YES;
				INFOPLIST_KEY_UIApplicationSupportsIndirectInputEvents = YES;
				INFOPLIST_KEY_UILaunchScreen_Generation = YES;
				INFOPLIST_KEY_UISupportedInterfaceOrientations_iPad = "UIInterfaceOrientationPortrait UIInterfaceOrientationPortraitUpsideDown UIInterfaceOrientationLandscapeLeft UIInterfaceOrientationLandscapeRight";
				INFOPLIST_KEY_UISupportedInterfaceOrientations_iPhone = "UIInterfaceOrientationPortrait UIInterfaceOrientationLandscapeLeft UIInterfaceOrientationLandscapeRight";
				LD_RUNPATH_SEARCH_PATHS = (
					"$(inherited)",
					"@executable_path/Frameworks",
				);
				MARKETING_VERSION = 1.0;
				PRODUCT_BUNDLE_IDENTIFIER = "yossibank-yahoo.co.jp.PaizaApp";
				PRODUCT_NAME = "$(TARGET_NAME)";
				SWIFT_EMIT_LOC_STRINGS = YES;
				SWIFT_VERSION = 5.0;
				TARGETED_DEVICE_FAMILY = "1,2";
			};
			name = Release;
		};
		781A8FB42AD4263B00F87103 /* Debug */ = {
			isa = XCBuildConfiguration;
			buildSettings = {
				ALWAYS_EMBED_SWIFT_STANDARD_LIBRARIES = YES;
				BUNDLE_LOADER = "$(TEST_HOST)";
				CODE_SIGN_STYLE = Automatic;
				CURRENT_PROJECT_VERSION = 1;
				DEVELOPMENT_TEAM = 6WHPY5MQSB;
				GENERATE_INFOPLIST_FILE = YES;
				IPHONEOS_DEPLOYMENT_TARGET = 17.0;
				MARKETING_VERSION = 1.0;
				PRODUCT_BUNDLE_IDENTIFIER = "yossibank-yahoo.co.jp.PaizaAppTests";
				PRODUCT_NAME = "$(TARGET_NAME)";
				SWIFT_EMIT_LOC_STRINGS = NO;
				SWIFT_VERSION = 5.0;
				TARGETED_DEVICE_FAMILY = "1,2";
				TEST_HOST = "$(BUILT_PRODUCTS_DIR)/PaizaApp.app/$(BUNDLE_EXECUTABLE_FOLDER_PATH)/PaizaApp";
			};
			name = Debug;
		};
		781A8FB52AD4263B00F87103 /* Release */ = {
			isa = XCBuildConfiguration;
			buildSettings = {
				ALWAYS_EMBED_SWIFT_STANDARD_LIBRARIES = YES;
				BUNDLE_LOADER = "$(TEST_HOST)";
				CODE_SIGN_STYLE = Automatic;
				CURRENT_PROJECT_VERSION = 1;
				DEVELOPMENT_TEAM = 6WHPY5MQSB;
				GENERATE_INFOPLIST_FILE = YES;
				IPHONEOS_DEPLOYMENT_TARGET = 17.0;
				MARKETING_VERSION = 1.0;
				PRODUCT_BUNDLE_IDENTIFIER = "yossibank-yahoo.co.jp.PaizaAppTests";
				PRODUCT_NAME = "$(TARGET_NAME)";
				SWIFT_EMIT_LOC_STRINGS = NO;
				SWIFT_VERSION = 5.0;
				TARGETED_DEVICE_FAMILY = "1,2";
				TEST_HOST = "$(BUILT_PRODUCTS_DIR)/PaizaApp.app/$(BUNDLE_EXECUTABLE_FOLDER_PATH)/PaizaApp";
			};
			name = Release;
		};
		781A8FB72AD4263B00F87103 /* Debug */ = {
			isa = XCBuildConfiguration;
			buildSettings = {
				ALWAYS_EMBED_SWIFT_STANDARD_LIBRARIES = YES;
				CODE_SIGN_STYLE = Automatic;
				CURRENT_PROJECT_VERSION = 1;
				DEVELOPMENT_TEAM = 6WHPY5MQSB;
				GENERATE_INFOPLIST_FILE = YES;
				MARKETING_VERSION = 1.0;
				PRODUCT_BUNDLE_IDENTIFIER = "yossibank-yahoo.co.jp.PaizaAppUITests";
				PRODUCT_NAME = "$(TARGET_NAME)";
				SWIFT_EMIT_LOC_STRINGS = NO;
				SWIFT_VERSION = 5.0;
				TARGETED_DEVICE_FAMILY = "1,2";
				TEST_TARGET_NAME = PaizaApp;
			};
			name = Debug;
		};
		781A8FB82AD4263B00F87103 /* Release */ = {
			isa = XCBuildConfiguration;
			buildSettings = {
				ALWAYS_EMBED_SWIFT_STANDARD_LIBRARIES = YES;
				CODE_SIGN_STYLE = Automatic;
				CURRENT_PROJECT_VERSION = 1;
				DEVELOPMENT_TEAM = 6WHPY5MQSB;
				GENERATE_INFOPLIST_FILE = YES;
				MARKETING_VERSION = 1.0;
				PRODUCT_BUNDLE_IDENTIFIER = "yossibank-yahoo.co.jp.PaizaAppUITests";
				PRODUCT_NAME = "$(TARGET_NAME)";
				SWIFT_EMIT_LOC_STRINGS = NO;
				SWIFT_VERSION = 5.0;
				TARGETED_DEVICE_FAMILY = "1,2";
				TEST_TARGET_NAME = PaizaApp;
			};
			name = Release;
		};
/* End XCBuildConfiguration section */

/* Begin XCConfigurationList section */
		781A8F872AD4263900F87103 /* Build configuration list for PBXProject "PaizaApp" */ = {
			isa = XCConfigurationList;
			buildConfigurations = (
				781A8FAE2AD4263B00F87103 /* Debug */,
				781A8FAF2AD4263B00F87103 /* Release */,
			);
			defaultConfigurationIsVisible = 0;
			defaultConfigurationName = Release;
		};
		781A8FB02AD4263B00F87103 /* Build configuration list for PBXNativeTarget "PaizaApp" */ = {
			isa = XCConfigurationList;
			buildConfigurations = (
				781A8FB12AD4263B00F87103 /* Debug */,
				781A8FB22AD4263B00F87103 /* Release */,
			);
			defaultConfigurationIsVisible = 0;
			defaultConfigurationName = Release;
		};
		781A8FB32AD4263B00F87103 /* Build configuration list for PBXNativeTarget "PaizaAppTests" */ = {
			isa = XCConfigurationList;
			buildConfigurations = (
				781A8FB42AD4263B00F87103 /* Debug */,
				781A8FB52AD4263B00F87103 /* Release */,
			);
			defaultConfigurationIsVisible = 0;
			defaultConfigurationName = Release;
		};
		781A8FB62AD4263B00F87103 /* Build configuration list for PBXNativeTarget "PaizaAppUITests" */ = {
			isa = XCConfigurationList;
			buildConfigurations = (
				781A8FB72AD4263B00F87103 /* Debug */,
				781A8FB82AD4263B00F87103 /* Release */,
			);
			defaultConfigurationIsVisible = 0;
			defaultConfigurationName = Release;
		};
/* End XCConfigurationList section */
	};
	rootObject = 781A8F842AD4263900F87103 /* Project object */;
}
